github.com/CerberusNetworks/go-smbios v0.0.0-20241008021732-a3ec029fb0bb h1:Olz0senFug8NlR82Mxy31SxQ88idwgIuJgtDuAo77DE=
github.com/CerberusNetworks/go-smbios v0.0.0-20241008021732-a3ec029fb0bb/go.mod h1:nz6Z7HxCUO99152vcbno7GINOW5G/8pgyhnpl7W6rOs=
github.com/google/go-cmp v0.4.0 h1:xsAVV57WRhGj6kEIi8ReJzQlHHqcBYCElAvkovg3B/4=
github.com/google/go-cmp v0.4.0/go.mod h1:v8dTdLbMG2kIc/vJvl+f65V22dbkXbowE6jgT/gNBxE=
golang.org/x/xerrors v0.0.0-20191204190536-9bdfabe68543 h1:E7g+9GITq07hpfrRu66IVDexMakfv52eLZ2CXBWiKr4=
golang.org/x/xerrors v0.0.0-20191204190536-9bdfabe68543/go.mod h1:I/5z698sn9Ka8TeJc9MKroUUfqBBauWjQqLJ2OPfmY0=
